
Microsoft Visual Studio Solution File, Format Version 12.00
# Visual Studio Version 17
VisualStudioVersion = 17.9.34723.18
MinimumVisualStudioVersion = 10.0.40219.1
Project("{9A19103F-16F7-4668-BE54-9A1E7A4F7556}") = "BookStore.Core", "BookStore.Core\BookStore.Core.csproj", "{5616AF66-FA15-4480-A847-71973119EEFE}"
EndProject
Project("{9A19103F-16F7-4668-BE54-9A1E7A4F7556}") = "BookStore.WebApi", "BookStore.WebApi\BookStore.WebApi.csproj", "{269BFFF9-14F7-48A5-B314-07F792DA604A}"
EndProject
Project("{9A19103F-16F7-4668-BE54-9A1E7A4F7556}") = "BookStore.MVC", "BookStore.MVC\BookStore.MVC.csproj", "{CAA37A39-026D-48FC-A238-5248B3FC70D3}"
EndProject
Project("{FAE04EC0-301F-11D3-BF4B-00C04F79EFBC}") = "BookStore.Entity.Dapper", "BookStore.Entity.Dapper\BookStore.Entity.Dapper.csproj", "{A98B948E-21E8-446E-88A4-4BF9D3A2BD20}"
EndProject
Project("{FAE04EC0-301F-11D3-BF4B-00C04F79EFBC}") = "BookStore.Entity.EFCore", "BookStore.Entity.EFCore\BookStore.Entity.EFCore.csproj", "{7C46E6D3-967B-45C9-81B8-92AE064CC181}"
EndProject
Global
	GlobalSection(SolutionConfigurationPlatforms) = preSolution
		Debug|Any CPU = Debug|Any CPU
		Release|Any CPU = Release|Any CPU
	EndGlobalSection
	GlobalSection(ProjectConfigurationPlatforms) = postSolution
		{5616AF66-FA15-4480-A847-71973119EEFE}.Debug|Any CPU.ActiveCfg = Debug|Any CPU
		{5616AF66-FA15-4480-A847-71973119EEFE}.Debug|Any CPU.Build.0 = Debug|Any CPU
		{5616AF66-FA15-4480-A847-71973119EEFE}.Release|Any CPU.ActiveCfg = Release|Any CPU
		{5616AF66-FA15-4480-A847-71973119EEFE}.Release|Any CPU.Build.0 = Release|Any CPU
		{269BFFF9-14F7-48A5-B314-07F792DA604A}.Debug|Any CPU.ActiveCfg = Debug|Any CPU
		{269BFFF9-14F7-48A5-B314-07F792DA604A}.Debug|Any CPU.Build.0 = Debug|Any CPU
		{269BFFF9-14F7-48A5-B314-07F792DA604A}.Release|Any CPU.ActiveCfg = Release|Any CPU
		{269BFFF9-14F7-48A5-B314-07F792DA604A}.Release|Any CPU.Build.0 = Release|Any CPU
		{CAA37A39-026D-48FC-A238-5248B3FC70D3}.Debug|Any CPU.ActiveCfg = Debug|Any CPU
		{CAA37A39-026D-48FC-A238-5248B3FC70D3}.Debug|Any CPU.Build.0 = Debug|Any CPU
		{CAA37A39-026D-48FC-A238-5248B3FC70D3}.Release|Any CPU.ActiveCfg = Release|Any CPU
		{CAA37A39-026D-48FC-A238-5248B3FC70D3}.Release|Any CPU.Build.0 = Release|Any CPU
		{A98B948E-21E8-446E-88A4-4BF9D3A2BD20}.Debug|Any CPU.ActiveCfg = Debug|Any CPU
		{A98B948E-21E8-446E-88A4-4BF9D3A2BD20}.Debug|Any CPU.Build.0 = Debug|Any CPU
		{A98B948E-21E8-446E-88A4-4BF9D3A2BD20}.Release|Any CPU.ActiveCfg = Release|Any CPU
		{A98B948E-21E8-446E-88A4-4BF9D3A2BD20}.Release|Any CPU.Build.0 = Release|Any CPU
		{7C46E6D3-967B-45C9-81B8-92AE064CC181}.Debug|Any CPU.ActiveCfg = Debug|Any CPU
		{7C46E6D3-967B-45C9-81B8-92AE064CC181}.Debug|Any CPU.Build.0 = Debug|Any CPU
		{7C46E6D3-967B-45C9-81B8-92AE064CC181}.Release|Any CPU.ActiveCfg = Release|Any CPU
		{7C46E6D3-967B-45C9-81B8-92AE064CC181}.Release|Any CPU.Build.0 = Release|Any CPU
	EndGlobalSection
	GlobalSection(SolutionProperties) = preSolution
		HideSolutionNode = FALSE
	EndGlobalSection
	GlobalSection(ExtensibilityGlobals) = postSolution
		SolutionGuid = {682F6049-DAE3-4EBE-A934-15B34611DB47}
	EndGlobalSection
EndGlobal
